
Microsoft Visual Studio Solution File, Format Version 12.00
Project("{2150E333-8FDC-42A3-9474-1A3956D46DE8}") = "Core", "Core", "{A8CFA5C9-81FD-415D-9122-B1EE0D5B1D05}"
EndProject
Project("{2150E333-8FDC-42A3-9474-1A3956D46DE8}") = "AspNetIdentity", "AspNetIdentity", "{BEDE0302-C515-4E96-8C10-C477347626CB}"
EndProject
Project("{2150E333-8FDC-42A3-9474-1A3956D46DE8}") = "EntityFramework", "EntityFramework", "{A672D648-20B1-40C7-BFAB-32460761C69B}"
EndProject
Project("{2150E333-8FDC-42A3-9474-1A3956D46DE8}") = "EntityFramework.Store", "EntityFramework.Store", "{0639EC15-EB22-43B1-92E1-C0976C6B901D}"
EndProject
Project("{FAE04EC0-301F-11D3-BF4B-00C04F79EFBC}") = "IdentityServer4.EntityFramework.Storage", "src\EntityFramework.Storage\src\IdentityServer4.EntityFramework.Storage.csproj", "{9B27EFF3-0876-4329-B7E0-AB485229285F}"
EndProject
Project("{2150E333-8FDC-42A3-9474-1A3956D46DE8}") = "tests", "tests", "{6B230063-1220-47BF-81F9-A92F6123FDC5}"
EndProject
Project("{FAE04EC0-301F-11D3-BF4B-00C04F79EFBC}") = "IdentityServer4.EntityFramework.IntegrationTests", "src\EntityFramework.Storage\test\IntegrationTests\IdentityServer4.EntityFramework.IntegrationTests.csproj", "{1688FCC8-1247-4E7E-ABCE-34C6E9520C00}"
EndProject
Project("{FAE04EC0-301F-11D3-BF4B-00C04F79EFBC}") = "IdentityServer4.EntityFramework.UnitTests", "src\EntityFramework.Storage\test\UnitTests\IdentityServer4.EntityFramework.UnitTests.csproj", "{1CBF273A-F81E-41C0-AD53-24B3CD3DB10D}"
EndProject
Project("{2150E333-8FDC-42A3-9474-1A3956D46DE8}") = "EntityFramework.Store", "EntityFramework.Store", "{DB270CB0-AA63-498D-AF79-A7EA261D6C2B}"
EndProject
Project("{FAE04EC0-301F-11D3-BF4B-00C04F79EFBC}") = "ConsoleHost", "src\EntityFramework.Storage\host\ConsoleHost\ConsoleHost.csproj", "{393D9595-4320-4988-B7D4-55155303E0E1}"
EndProject
Project("{2150E333-8FDC-42A3-9474-1A3956D46DE8}") = "host", "host", "{A52E0C6D-3621-42D7-8AAC-54F5EC5D536C}"
EndProject
Project("{2150E333-8FDC-42A3-9474-1A3956D46DE8}") = "migrations", "migrations", "{8422FA1E-D30D-48DC-87D3-3FC4AF68D14B}"
EndProject
Project("{FAE04EC0-301F-11D3-BF4B-00C04F79EFBC}") = "SqlServer", "src\EntityFramework.Storage\migrations\SqlServer\SqlServer.csproj", "{01E62935-021E-4BDB-9C69-38880C09A752}"
EndProject
Project("{FAE04EC0-301F-11D3-BF4B-00C04F79EFBC}") = "IdentityServer4.EntityFramework", "src\EntityFramework\src\IdentityServer4.EntityFramework.csproj", "{20501D56-919A-4C11-867C-E0A472A4AEC5}"
EndProject
Project("{2150E333-8FDC-42A3-9474-1A3956D46DE8}") = "migrations", "migrations", "{741C2D89-2F5B-4A99-93CA-966104E637EC}"
EndProject
Project("{2150E333-8FDC-42A3-9474-1A3956D46DE8}") = "host", "host", "{41A23251-EA29-41AA-B455-1DF74FCFCCAA}"
EndProject
Project("{FAE04EC0-301F-11D3-BF4B-00C04F79EFBC}") = "SqlServer", "src\EntityFramework\migrations\SqlServer\SqlServer.csproj", "{F9621D4F-E698-4AF9-935A-D2F9FD40D30C}"
EndProject
Project("{FAE04EC0-301F-11D3-BF4B-00C04F79EFBC}") = "Host", "src\EntityFramework\host\Host.csproj", "{1C94E951-1A75-49C7-89A2-BAC12C3C0F4B}"
EndProject
Project("{FAE04EC0-301F-11D3-BF4B-00C04F79EFBC}") = "IdentityServer4.AspNetIdentity", "src\AspNetIdentity\src\IdentityServer4.AspNetIdentity.csproj", "{AC1AF5B4-758E-4966-BE56-22EB4011AA07}"
EndProject
Project("{2150E333-8FDC-42A3-9474-1A3956D46DE8}") = "migrations", "migrations", "{3ECC0EB7-E77C-4713-854E-140958CE6B5A}"
EndProject
Project("{2150E333-8FDC-42A3-9474-1A3956D46DE8}") = "host", "host", "{0E3E5A93-D562-4F9A-81BF-A7A0FF431740}"
EndProject
Project("{FAE04EC0-301F-11D3-BF4B-00C04F79EFBC}") = "SqlServer", "src\AspNetIdentity\migrations\SqlServer\SqlServer.csproj", "{C87D4649-58E1-47BD-9348-EC3A0E2AEA45}"
EndProject
Project("{FAE04EC0-301F-11D3-BF4B-00C04F79EFBC}") = "Host", "src\AspNetIdentity\host\Host.csproj", "{47872C5E-69BB-4E96-95CA-72296A97DB05}"
EndProject
Project("{2150E333-8FDC-42A3-9474-1A3956D46DE8}") = "EntityFramework", "EntityFramework", "{FF2540FB-0BC5-4E35-9D5D-147E05978EF1}"
EndProject
Project("{2150E333-8FDC-42A3-9474-1A3956D46DE8}") = "AspNetIdentity", "AspNetIdentity", "{2F1D368F-1AC3-4B37-BB75-835B15EC08EA}"
EndProject
Project("{2150E333-8FDC-42A3-9474-1A3956D46DE8}") = "Core", "Core", "{61F757B8-4D2A-4609-97BC-72F1F5A6C81A}"
EndProject
Project("{FAE04EC0-301F-11D3-BF4B-00C04F79EFBC}") = "IdentityServer4.EntityFramework.Tests", "src\EntityFramework\test\IdentityServer4.EntityFramework.Tests\IdentityServer4.EntityFramework.Tests.csproj", "{1401776B-7193-487D-83D0-B40E79EED580}"
EndProject
Project("{FAE04EC0-301F-11D3-BF4B-00C04F79EFBC}") = "IdentityServer.UnitTests", "src\IdentityServer4\test\IdentityServer.UnitTests\IdentityServer.UnitTests.csproj", "{125A663B-AB68-4747-B425-5319B6B0AE5D}"
EndProject
Project("{FAE04EC0-301F-11D3-BF4B-00C04F79EFBC}") = "IdentityServer.IntegrationTests", "src\IdentityServer4\test\IdentityServer.IntegrationTests\IdentityServer.IntegrationTests.csproj", "{D30DD53E-E1E7-4746-B422-D8223F982DF6}"
EndProject
Project("{FAE04EC0-301F-11D3-BF4B-00C04F79EFBC}") = "IdentityServer4", "src\IdentityServer4\src\IdentityServer4.csproj", "{73A91A03-8EB4-43A9-A4AC-01D044D3BC4C}"
EndProject
Project("{2150E333-8FDC-42A3-9474-1A3956D46DE8}") = "host", "host", "{A4D6F406-8EF7-4D48-B84E-B47BA678F4A9}"
EndProject
Project("{FAE04EC0-301F-11D3-BF4B-00C04F79EFBC}") = "Host", "src\IdentityServer4\host\Host.csproj", "{9618C59F-C1A4-4A2D-A4D4-7D59B455B060}"
EndProject
Project("{2150E333-8FDC-42A3-9474-1A3956D46DE8}") = "Storage", "Storage", "{944EE0A3-6294-4118-960D-B2A3B3B3490B}"
EndProject
Project("{FAE04EC0-301F-11D3-BF4B-00C04F79EFBC}") = "IdentityServer4.Storage", "src\Storage\src\IdentityServer4.Storage.csproj", "{7976A414-3003-48B1-8594-5C7F063276A4}"
EndProject
Global
	GlobalSection(SolutionConfigurationPlatforms) = preSolution
		Debug|Any CPU = Debug|Any CPU
		Release|Any CPU = Release|Any CPU
	EndGlobalSection
	GlobalSection(NestedProjects) = preSolution
		{9B27EFF3-0876-4329-B7E0-AB485229285F} = {0639EC15-EB22-43B1-92E1-C0976C6B901D}
		{DB270CB0-AA63-498D-AF79-A7EA261D6C2B} = {6B230063-1220-47BF-81F9-A92F6123FDC5}
		{1688FCC8-1247-4E7E-ABCE-34C6E9520C00} = {DB270CB0-AA63-498D-AF79-A7EA261D6C2B}
		{1CBF273A-F81E-41C0-AD53-24B3CD3DB10D} = {DB270CB0-AA63-498D-AF79-A7EA261D6C2B}
		{A52E0C6D-3621-42D7-8AAC-54F5EC5D536C} = {0639EC15-EB22-43B1-92E1-C0976C6B901D}
		{393D9595-4320-4988-B7D4-55155303E0E1} = {A52E0C6D-3621-42D7-8AAC-54F5EC5D536C}
		{8422FA1E-D30D-48DC-87D3-3FC4AF68D14B} = {0639EC15-EB22-43B1-92E1-C0976C6B901D}
		{01E62935-021E-4BDB-9C69-38880C09A752} = {8422FA1E-D30D-48DC-87D3-3FC4AF68D14B}
		{20501D56-919A-4C11-867C-E0A472A4AEC5} = {A672D648-20B1-40C7-BFAB-32460761C69B}
		{741C2D89-2F5B-4A99-93CA-966104E637EC} = {A672D648-20B1-40C7-BFAB-32460761C69B}
		{41A23251-EA29-41AA-B455-1DF74FCFCCAA} = {A672D648-20B1-40C7-BFAB-32460761C69B}
		{F9621D4F-E698-4AF9-935A-D2F9FD40D30C} = {741C2D89-2F5B-4A99-93CA-966104E637EC}
		{1C94E951-1A75-49C7-89A2-BAC12C3C0F4B} = {41A23251-EA29-41AA-B455-1DF74FCFCCAA}
		{AC1AF5B4-758E-4966-BE56-22EB4011AA07} = {BEDE0302-C515-4E96-8C10-C477347626CB}
		{3ECC0EB7-E77C-4713-854E-140958CE6B5A} = {BEDE0302-C515-4E96-8C10-C477347626CB}
		{0E3E5A93-D562-4F9A-81BF-A7A0FF431740} = {BEDE0302-C515-4E96-8C10-C477347626CB}
		{C87D4649-58E1-47BD-9348-EC3A0E2AEA45} = {3ECC0EB7-E77C-4713-854E-140958CE6B5A}
		{47872C5E-69BB-4E96-95CA-72296A97DB05} = {0E3E5A93-D562-4F9A-81BF-A7A0FF431740}
		{2F1D368F-1AC3-4B37-BB75-835B15EC08EA} = {6B230063-1220-47BF-81F9-A92F6123FDC5}
		{FF2540FB-0BC5-4E35-9D5D-147E05978EF1} = {6B230063-1220-47BF-81F9-A92F6123FDC5}
		{61F757B8-4D2A-4609-97BC-72F1F5A6C81A} = {6B230063-1220-47BF-81F9-A92F6123FDC5}
		{1401776B-7193-487D-83D0-B40E79EED580} = {FF2540FB-0BC5-4E35-9D5D-147E05978EF1}
		{125A663B-AB68-4747-B425-5319B6B0AE5D} = {61F757B8-4D2A-4609-97BC-72F1F5A6C81A}
		{D30DD53E-E1E7-4746-B422-D8223F982DF6} = {61F757B8-4D2A-4609-97BC-72F1F5A6C81A}
		{73A91A03-8EB4-43A9-A4AC-01D044D3BC4C} = {A8CFA5C9-81FD-415D-9122-B1EE0D5B1D05}
		{A4D6F406-8EF7-4D48-B84E-B47BA678F4A9} = {A8CFA5C9-81FD-415D-9122-B1EE0D5B1D05}
		{9618C59F-C1A4-4A2D-A4D4-7D59B455B060} = {A4D6F406-8EF7-4D48-B84E-B47BA678F4A9}
		{7976A414-3003-48B1-8594-5C7F063276A4} = {944EE0A3-6294-4118-960D-B2A3B3B3490B}
	EndGlobalSection
	GlobalSection(ProjectConfigurationPlatforms) = postSolution
		{9B27EFF3-0876-4329-B7E0-AB485229285F}.Debug|Any CPU.ActiveCfg = Debug|Any CPU
		{9B27EFF3-0876-4329-B7E0-AB485229285F}.Debug|Any CPU.Build.0 = Debug|Any CPU
		{9B27EFF3-0876-4329-B7E0-AB485229285F}.Release|Any CPU.ActiveCfg = Release|Any CPU
		{9B27EFF3-0876-4329-B7E0-AB485229285F}.Release|Any CPU.Build.0 = Release|Any CPU
		{1688FCC8-1247-4E7E-ABCE-34C6E9520C00}.Debug|Any CPU.ActiveCfg = Debug|Any CPU
		{1688FCC8-1247-4E7E-ABCE-34C6E9520C00}.Debug|Any CPU.Build.0 = Debug|Any CPU
		{1688FCC8-1247-4E7E-ABCE-34C6E9520C00}.Release|Any CPU.ActiveCfg = Release|Any CPU
		{1688FCC8-1247-4E7E-ABCE-34C6E9520C00}.Release|Any CPU.Build.0 = Release|Any CPU
		{1CBF273A-F81E-41C0-AD53-24B3CD3DB10D}.Debug|Any CPU.ActiveCfg = Debug|Any CPU
		{1CBF273A-F81E-41C0-AD53-24B3CD3DB10D}.Debug|Any CPU.Build.0 = Debug|Any CPU
		{1CBF273A-F81E-41C0-AD53-24B3CD3DB10D}.Release|Any CPU.ActiveCfg = Release|Any CPU
		{1CBF273A-F81E-41C0-AD53-24B3CD3DB10D}.Release|Any CPU.Build.0 = Release|Any CPU
		{393D9595-4320-4988-B7D4-55155303E0E1}.Debug|Any CPU.ActiveCfg = Debug|Any CPU
		{393D9595-4320-4988-B7D4-55155303E0E1}.Debug|Any CPU.Build.0 = Debug|Any CPU
		{393D9595-4320-4988-B7D4-55155303E0E1}.Release|Any CPU.ActiveCfg = Release|Any CPU
		{393D9595-4320-4988-B7D4-55155303E0E1}.Release|Any CPU.Build.0 = Release|Any CPU
		{01E62935-021E-4BDB-9C69-38880C09A752}.Debug|Any CPU.ActiveCfg = Debug|Any CPU
		{01E62935-021E-4BDB-9C69-38880C09A752}.Debug|Any CPU.Build.0 = Debug|Any CPU
		{01E62935-021E-4BDB-9C69-38880C09A752}.Release|Any CPU.ActiveCfg = Release|Any CPU
		{01E62935-021E-4BDB-9C69-38880C09A752}.Release|Any CPU.Build.0 = Release|Any CPU
		{20501D56-919A-4C11-867C-E0A472A4AEC5}.Debug|Any CPU.ActiveCfg = Debug|Any CPU
		{20501D56-919A-4C11-867C-E0A472A4AEC5}.Debug|Any CPU.Build.0 = Debug|Any CPU
		{20501D56-919A-4C11-867C-E0A472A4AEC5}.Release|Any CPU.ActiveCfg = Release|Any CPU
		{20501D56-919A-4C11-867C-E0A472A4AEC5}.Release|Any CPU.Build.0 = Release|Any CPU
		{F9621D4F-E698-4AF9-935A-D2F9FD40D30C}.Debug|Any CPU.ActiveCfg = Debug|Any CPU
		{F9621D4F-E698-4AF9-935A-D2F9FD40D30C}.Debug|Any CPU.Build.0 = Debug|Any CPU
		{F9621D4F-E698-4AF9-935A-D2F9FD40D30C}.Release|Any CPU.ActiveCfg = Release|Any CPU
		{F9621D4F-E698-4AF9-935A-D2F9FD40D30C}.Release|Any CPU.Build.0 = Release|Any CPU
		{1C94E951-1A75-49C7-89A2-BAC12C3C0F4B}.Debug|Any CPU.ActiveCfg = Debug|Any CPU
		{1C94E951-1A75-49C7-89A2-BAC12C3C0F4B}.Debug|Any CPU.Build.0 = Debug|Any CPU
		{1C94E951-1A75-49C7-89A2-BAC12C3C0F4B}.Release|Any CPU.ActiveCfg = Release|Any CPU
		{1C94E951-1A75-49C7-89A2-BAC12C3C0F4B}.Release|Any CPU.Build.0 = Release|Any CPU
		{AC1AF5B4-758E-4966-BE56-22EB4011AA07}.Debug|Any CPU.ActiveCfg = Debug|Any CPU
		{AC1AF5B4-758E-4966-BE56-22EB4011AA07}.Debug|Any CPU.Build.0 = Debug|Any CPU
		{AC1AF5B4-758E-4966-BE56-22EB4011AA07}.Release|Any CPU.ActiveCfg = Release|Any CPU
		{AC1AF5B4-758E-4966-BE56-22EB4011AA07}.Release|Any CPU.Build.0 = Release|Any CPU
		{C87D4649-58E1-47BD-9348-EC3A0E2AEA45}.Debug|Any CPU.ActiveCfg = Debug|Any CPU
		{C87D4649-58E1-47BD-9348-EC3A0E2AEA45}.Debug|Any CPU.Build.0 = Debug|Any CPU
		{C87D4649-58E1-47BD-9348-EC3A0E2AEA45}.Release|Any CPU.ActiveCfg = Release|Any CPU
		{C87D4649-58E1-47BD-9348-EC3A0E2AEA45}.Release|Any CPU.Build.0 = Release|Any CPU
		{47872C5E-69BB-4E96-95CA-72296A97DB05}.Debug|Any CPU.ActiveCfg = Debug|Any CPU
		{47872C5E-69BB-4E96-95CA-72296A97DB05}.Debug|Any CPU.Build.0 = Debug|Any CPU
		{47872C5E-69BB-4E96-95CA-72296A97DB05}.Release|Any CPU.ActiveCfg = Release|Any CPU
		{47872C5E-69BB-4E96-95CA-72296A97DB05}.Release|Any CPU.Build.0 = Release|Any CPU
		{1401776B-7193-487D-83D0-B40E79EED580}.Debug|Any CPU.ActiveCfg = Debug|Any CPU
		{1401776B-7193-487D-83D0-B40E79EED580}.Debug|Any CPU.Build.0 = Debug|Any CPU
		{1401776B-7193-487D-83D0-B40E79EED580}.Release|Any CPU.ActiveCfg = Release|Any CPU
		{1401776B-7193-487D-83D0-B40E79EED580}.Release|Any CPU.Build.0 = Release|Any CPU
		{125A663B-AB68-4747-B425-5319B6B0AE5D}.Debug|Any CPU.ActiveCfg = Debug|Any CPU
		{125A663B-AB68-4747-B425-5319B6B0AE5D}.Debug|Any CPU.Build.0 = Debug|Any CPU
		{125A663B-AB68-4747-B425-5319B6B0AE5D}.Release|Any CPU.ActiveCfg = Release|Any CPU
		{125A663B-AB68-4747-B425-5319B6B0AE5D}.Release|Any CPU.Build.0 = Release|Any CPU
		{D30DD53E-E1E7-4746-B422-D8223F982DF6}.Debug|Any CPU.ActiveCfg = Debug|Any CPU
		{D30DD53E-E1E7-4746-B422-D8223F982DF6}.Debug|Any CPU.Build.0 = Debug|Any CPU
		{D30DD53E-E1E7-4746-B422-D8223F982DF6}.Release|Any CPU.ActiveCfg = Release|Any CPU
		{D30DD53E-E1E7-4746-B422-D8223F982DF6}.Release|Any CPU.Build.0 = Release|Any CPU
		{73A91A03-8EB4-43A9-A4AC-01D044D3BC4C}.Debug|Any CPU.ActiveCfg = Debug|Any CPU
		{73A91A03-8EB4-43A9-A4AC-01D044D3BC4C}.Debug|Any CPU.Build.0 = Debug|Any CPU
		{73A91A03-8EB4-43A9-A4AC-01D044D3BC4C}.Release|Any CPU.ActiveCfg = Release|Any CPU
		{73A91A03-8EB4-43A9-A4AC-01D044D3BC4C}.Release|Any CPU.Build.0 = Release|Any CPU
		{9618C59F-C1A4-4A2D-A4D4-7D59B455B060}.Debug|Any CPU.ActiveCfg = Debug|Any CPU
		{9618C59F-C1A4-4A2D-A4D4-7D59B455B060}.Debug|Any CPU.Build.0 = Debug|Any CPU
		{9618C59F-C1A4-4A2D-A4D4-7D59B455B060}.Release|Any CPU.ActiveCfg = Release|Any CPU
		{9618C59F-C1A4-4A2D-A4D4-7D59B455B060}.Release|Any CPU.Build.0 = Release|Any CPU
		{7976A414-3003-48B1-8594-5C7F063276A4}.Debug|Any CPU.ActiveCfg = Debug|Any CPU
		{7976A414-3003-48B1-8594-5C7F063276A4}.Debug|Any CPU.Build.0 = Debug|Any CPU
		{7976A414-3003-48B1-8594-5C7F063276A4}.Release|Any CPU.ActiveCfg = Release|Any CPU
		{7976A414-3003-48B1-8594-5C7F063276A4}.Release|Any CPU.Build.0 = Release|Any CPU
	EndGlobalSection
EndGlobal
